{
  "name": "wy-demo",
  "version": "1.0.0",
  "lockfileVersion": 1,
  "requires": true,
  "dependencies": {
    "axios": {
      "version": "0.21.1",
      "resolved": "https://registry.npmjs.org/axios/-/axios-0.21.1.tgz",
      "integrity": "sha512-dKQiRHxGD9PPRIUNIWvZhPTPpl1rf/OxTYKsqKUDjBwYylTvV7SjSHJb9ratfyzM6wCdLCOYLzs73qpg5c4iGA==",
      "requires": {
        "follow-redirects": "^1.10.0"
      }
    },
    "follow-redirects": {
      "version": "1.13.1",
      "resolved": "https://registry.npmjs.org/follow-redirects/-/follow-redirects-1.13.1.tgz",
      "integrity": "sha512-SSG5xmZh1mkPGyKzjZP8zLjltIfpW32Y5QpdNJyjcfGxK3qo3NDDkZOZSFiGn1A6SclQxY9GzEwAHQ3dmYRWpg=="
    },
    "mobx": {
      "version": "5.13.0",
      "resolved": "https://registry.npmjs.org/mobx/-/mobx-5.13.0.tgz",
      "integrity": "sha512-eSAntMSMNj0PFL705rgv+aB/z1RjNqDnFEpBe18yQVreXTWiVgIrmBUXzjnJfuba+eo4eAk6zi+/gXQkSUea8A=="
    },
    "mobx-react": {
      "version": "6.1.3",
      "resolved": "https://registry.npmjs.org/mobx-react/-/mobx-react-6.1.3.tgz",
      "integrity": "sha512-eT/jO9dYIoB1AlZwI2VC3iX0gPOeOIqZsiwg7tDJV1B7Z69h+TZZL3dgOE0UeS2zoHhGeKbP+K+OLeLMnnkGnA==",
      "requires": {
        "mobx-react-lite": "1.4.0"
      }
    },
    "mobx-react-lite": {
      "version": "1.4.0",
      "resolved": "https://registry.npmjs.org/mobx-react-lite/-/mobx-react-lite-1.4.0.tgz",
      "integrity": "sha512-5xCuus+QITQpzKOjAOIQ/YxNhOl/En+PlNJF+5QU4Qxn9gnNMJBbweAdEW3HnuVQbfqDYEUnkGs5hmkIIStehg=="
    }
  }
}
